// !$*UTF8*$!
{
	archiveVersion = 1;
	classes = {
	};
	objectVersion = 52;
	objects = {

/* Begin PBXBuildFile section */
		543FCFE525E43F3F00EFB981 /* AppDelegate.swift in Sources */ = {isa = PBXBuildFile; fileRef = 543FCFE425E43F3F00EFB981 /* AppDelegate.swift */; };
		543FCFE725E43F3F00EFB981 /* SceneDelegate.swift in Sources */ = {isa = PBXBuildFile; fileRef = 543FCFE625E43F3F00EFB981 /* SceneDelegate.swift */; };
		543FCFEC25E43F3F00EFB981 /* Main.storyboard in Resources */ = {isa = PBXBuildFile; fileRef = 543FCFEA25E43F3F00EFB981 /* Main.storyboard */; };
		543FCFEE25E43F4200EFB981 /* Assets.xcassets in Resources */ = {isa = PBXBuildFile; fileRef = 543FCFED25E43F4200EFB981 /* Assets.xcassets */; };
		543FCFF125E43F4200EFB981 /* LaunchScreen.storyboard in Resources */ = {isa = PBXBuildFile; fileRef = 543FCFEF25E43F4200EFB981 /* LaunchScreen.storyboard */; };
		544FC5F6261C75B200241BA2 /* Face_location.swift in Sources */ = {isa = PBXBuildFile; fileRef = 544FC5F5261C75B100241BA2 /* Face_location.swift */; };
		544FC5FB261C77CB00241BA2 /* Crop_faces.swift in Sources */ = {isa = PBXBuildFile; fileRef = 544FC5FA261C77CB00241BA2 /* Crop_faces.swift */; };
		544FC5FE261C786300241BA2 /* Faces_landmarks.swift in Sources */ = {isa = PBXBuildFile; fileRef = 544FC5FD261C786300241BA2 /* Faces_landmarks.swift */; };
		544FC60B261CA4E900241BA2 /* Face_emotion.swift in Sources */ = {isa = PBXBuildFile; fileRef = 544FC60A261CA4E900241BA2 /* Face_emotion.swift */; };
		5450130926276C650052C638 /* DeepLook in Frameworks */ = {isa = PBXBuildFile; productRef = 5450130826276C650052C638 /* DeepLook */; };
		545E922E25E51B0E00D86990 /* FaceGroupingViewController.swift in Sources */ = {isa = PBXBuildFile; fileRef = 545E922C25E51B0E00D86990 /* FaceGroupingViewController.swift */; };
		545E922F25E51B0E00D86990 /* LookKitService.swift in Sources */ = {isa = PBXBuildFile; fileRef = 545E922D25E51B0E00D86990 /* LookKitService.swift */; };
		545E923625E51B1F00D86990 /* HeaderCollectionReusableView.xib in Resources */ = {isa = PBXBuildFile; fileRef = 545E923225E51B1E00D86990 /* HeaderCollectionReusableView.xib */; };
		545E923725E51B1F00D86990 /* FaceCollectionViewCell.xib in Resources */ = {isa = PBXBuildFile; fileRef = 545E923325E51B1E00D86990 /* FaceCollectionViewCell.xib */; };
		545E923825E51B1F00D86990 /* HeaderCollectionReusableView.swift in Sources */ = {isa = PBXBuildFile; fileRef = 545E923425E51B1E00D86990 /* HeaderCollectionReusableView.swift */; };
		545E923925E51B1F00D86990 /* FaceCollectionViewCell.swift in Sources */ = {isa = PBXBuildFile; fileRef = 545E923525E51B1E00D86990 /* FaceCollectionViewCell.swift */; };
		545E925125E6E96200D86990 /* ObjectDetectionViewController.swift in Sources */ = {isa = PBXBuildFile; fileRef = 545E925025E6E96200D86990 /* ObjectDetectionViewController.swift */; };
		545E925425E6F2D700D86990 /* FaceRecognitionViewController.swift in Sources */ = {isa = PBXBuildFile; fileRef = 545E925325E6F2D700D86990 /* FaceRecognitionViewController.swift */; };
		548899A225E94F3100E480BF /* UIView + Extention.swift in Sources */ = {isa = PBXBuildFile; fileRef = 548899A125E94F3100E480BF /* UIView + Extention.swift */; };
		54C7980D25F00C6800EFABB7 /* FaceGroupingDetailViewController.swift in Sources */ = {isa = PBXBuildFile; fileRef = 54C7980C25F00C6700EFABB7 /* FaceGroupingDetailViewController.swift */; };
		54C798C725F27C1500EFABB7 /* FaceGroupingFaceImageViewController.swift in Sources */ = {isa = PBXBuildFile; fileRef = 54C798C625F27C1500EFABB7 /* FaceGroupingFaceImageViewController.swift */; };
/* End PBXBuildFile section */

/* Begin PBXFileReference section */
		543FCFE125E43F3F00EFB981 /* DeepLook_Demo.app */ = {isa = PBXFileReference; explicitFileType = wrapper.application; includeInIndex = 0; path = DeepLook_Demo.app; sourceTree = BUILT_PRODUCTS_DIR; };
		543FCFE425E43F3F00EFB981 /* AppDelegate.swift */ = {isa = PBXFileReference; lastKnownFileType = sourcecode.swift; path = AppDelegate.swift; sourceTree = "<group>"; };
		543FCFE625E43F3F00EFB981 /* SceneDelegate.swift */ = {isa = PBXFileReference; lastKnownFileType = sourcecode.swift; path = SceneDelegate.swift; sourceTree = "<group>"; };
		543FCFEB25E43F3F00EFB981 /* Base */ = {isa = PBXFileReference; lastKnownFileType = file.storyboard; name = Base; path = Base.lproj/Main.storyboard; sourceTree = "<group>"; };
		543FCFED25E43F4200EFB981 /* Assets.xcassets */ = {isa = PBXFileReference; lastKnownFileType = folder.assetcatalog; path = Assets.xcassets; sourceTree = "<group>"; };
		543FCFF025E43F4200EFB981 /* Base */ = {isa = PBXFileReference; lastKnownFileType = file.storyboard; name = Base; path = Base.lproj/LaunchScreen.storyboard; sourceTree = "<group>"; };
		543FCFF225E43F4200EFB981 /* Info.plist */ = {isa = PBXFileReference; lastKnownFileType = text.plist.xml; path = Info.plist; sourceTree = "<group>"; };
		544FC5F5261C75B100241BA2 /* Face_location.swift */ = {isa = PBXFileReference; lastKnownFileType = sourcecode.swift; path = Face_location.swift; sourceTree = "<group>"; };
		544FC5FA261C77CB00241BA2 /* Crop_faces.swift */ = {isa = PBXFileReference; lastKnownFileType = sourcecode.swift; path = Crop_faces.swift; sourceTree = "<group>"; };
		544FC5FD261C786300241BA2 /* Faces_landmarks.swift */ = {isa = PBXFileReference; lastKnownFileType = sourcecode.swift; path = Faces_landmarks.swift; sourceTree = "<group>"; };
		544FC60A261CA4E900241BA2 /* Face_emotion.swift */ = {isa = PBXFileReference; lastKnownFileType = sourcecode.swift; path = Face_emotion.swift; sourceTree = "<group>"; };
		545E922C25E51B0E00D86990 /* FaceGroupingViewController.swift */ = {isa = PBXFileReference; fileEncoding = 4; lastKnownFileType = sourcecode.swift; path = FaceGroupingViewController.swift; sourceTree = "<group>"; };
		545E922D25E51B0E00D86990 /* LookKitService.swift */ = {isa = PBXFileReference; fileEncoding = 4; lastKnownFileType = sourcecode.swift; path = LookKitService.swift; sourceTree = "<group>"; };
		545E923225E51B1E00D86990 /* HeaderCollectionReusableView.xib */ = {isa = PBXFileReference; fileEncoding = 4; lastKnownFileType = file.xib; path = HeaderCollectionReusableView.xib; sourceTree = "<group>"; };
		545E923325E51B1E00D86990 /* FaceCollectionViewCell.xib */ = {isa = PBXFileReference; fileEncoding = 4; lastKnownFileType = file.xib; path = FaceCollectionViewCell.xib; sourceTree = "<group>"; };
		545E923425E51B1E00D86990 /* HeaderCollectionReusableView.swift */ = {isa = PBXFileReference; fileEncoding = 4; lastKnownFileType = sourcecode.swift; path = HeaderCollectionReusableView.swift; sourceTree = "<group>"; };
		545E923525E51B1E00D86990 /* FaceCollectionViewCell.swift */ = {isa = PBXFileReference; fileEncoding = 4; lastKnownFileType = sourcecode.swift; path = FaceCollectionViewCell.swift; sourceTree = "<group>"; };
		545E925025E6E96200D86990 /* ObjectDetectionViewController.swift */ = {isa = PBXFileReference; lastKnownFileType = sourcecode.swift; path = ObjectDetectionViewController.swift; sourceTree = "<group>"; };
		545E925325E6F2D700D86990 /* FaceRecognitionViewController.swift */ = {isa = PBXFileReference; lastKnownFileType = sourcecode.swift; path = FaceRecognitionViewController.swift; sourceTree = "<group>"; };
		548899A125E94F3100E480BF /* UIView + Extention.swift */ = {isa = PBXFileReference; lastKnownFileType = sourcecode.swift; path = "UIView + Extention.swift"; sourceTree = "<group>"; };
		54C7980C25F00C6700EFABB7 /* FaceGroupingDetailViewController.swift */ = {isa = PBXFileReference; lastKnownFileType = sourcecode.swift; path = FaceGroupingDetailViewController.swift; sourceTree = "<group>"; };
		54C798C625F27C1500EFABB7 /* FaceGroupingFaceImageViewController.swift */ = {isa = PBXFileReference; lastKnownFileType = sourcecode.swift; path = FaceGroupingFaceImageViewController.swift; sourceTree = "<group>"; };
		54FBC3A025F79BC200F3B743 /* DeepLook_Demo.entitlements */ = {isa = PBXFileReference; lastKnownFileType = text.plist.entitlements; path = DeepLook_Demo.entitlements; sourceTree = "<group>"; };
/* End PBXFileReference section */

/* Begin PBXFrameworksBuildPhase section */
		543FCFDE25E43F3F00EFB981 /* Frameworks */ = {
			isa = PBXFrameworksBuildPhase;
			buildActionMask = 2147483647;
			files = (
				5450130926276C650052C638 /* DeepLook in Frameworks */,
			);
			runOnlyForDeploymentPostprocessing = 0;
		};
/* End PBXFrameworksBuildPhase section */

/* Begin PBXGroup section */
		543FCFD825E43F3F00EFB981 = {
			isa = PBXGroup;
			children = (
				543FCFE325E43F3F00EFB981 /* DeepLook_Demo */,
				543FCFE225E43F3F00EFB981 /* Products */,
				54889A1025EBE82A00E480BF /* Frameworks */,
			);
			sourceTree = "<group>";
		};
		543FCFE225E43F3F00EFB981 /* Products */ = {
			isa = PBXGroup;
			children = (
				543FCFE125E43F3F00EFB981 /* DeepLook_Demo.app */,
			);
			name = Products;
			sourceTree = "<group>";
		};
		543FCFE325E43F3F00EFB981 /* DeepLook_Demo */ = {
			isa = PBXGroup;
			children = (
				544FC5F4261C758B00241BA2 /* Deeplook Demo */,
				54FBC3A025F79BC200F3B743 /* DeepLook_Demo.entitlements */,
				545E923125E51B1E00D86990 /* View */,
				543FCFE425E43F3F00EFB981 /* AppDelegate.swift */,
				543FCFE625E43F3F00EFB981 /* SceneDelegate.swift */,
				545E922D25E51B0E00D86990 /* LookKitService.swift */,
				545E925025E6E96200D86990 /* ObjectDetectionViewController.swift */,
				545E925325E6F2D700D86990 /* FaceRecognitionViewController.swift */,
				54C798C925F27C7600EFABB7 /* FaceGrouping */,
				543FCFEA25E43F3F00EFB981 /* Main.storyboard */,
				543FCFED25E43F4200EFB981 /* Assets.xcassets */,
				543FCFEF25E43F4200EFB981 /* LaunchScreen.storyboard */,
				543FCFF225E43F4200EFB981 /* Info.plist */,
				548899A125E94F3100E480BF /* UIView + Extention.swift */,
			);
			path = DeepLook_Demo;
			sourceTree = "<group>";
		};
		544FC5F4261C758B00241BA2 /* Deeplook Demo */ = {
			isa = PBXGroup;
			children = (
				544FC5F5261C75B100241BA2 /* Face_location.swift */,
				544FC5FD261C786300241BA2 /* Faces_landmarks.swift */,
				544FC5FA261C77CB00241BA2 /* Crop_faces.swift */,
				544FC60A261CA4E900241BA2 /* Face_emotion.swift */,
			);
			path = "Deeplook Demo";
			sourceTree = "<group>";
		};
		545E923125E51B1E00D86990 /* View */ = {
			isa = PBXGroup;
			children = (
				545E923225E51B1E00D86990 /* HeaderCollectionReusableView.xib */,
				545E923325E51B1E00D86990 /* FaceCollectionViewCell.xib */,
				545E923425E51B1E00D86990 /* HeaderCollectionReusableView.swift */,
				545E923525E51B1E00D86990 /* FaceCollectionViewCell.swift */,
			);
			path = View;
			sourceTree = "<group>";
		};
		54889A1025EBE82A00E480BF /* Frameworks */ = {
			isa = PBXGroup;
			children = (
			);
			name = Frameworks;
			sourceTree = "<group>";
		};
		54C798C925F27C7600EFABB7 /* FaceGrouping */ = {
			isa = PBXGroup;
			children = (
				545E922C25E51B0E00D86990 /* FaceGroupingViewController.swift */,
				54C7980C25F00C6700EFABB7 /* FaceGroupingDetailViewController.swift */,
				54C798C625F27C1500EFABB7 /* FaceGroupingFaceImageViewController.swift */,
			);
			path = FaceGrouping;
			sourceTree = "<group>";
		};
/* End PBXGroup section */

/* Begin PBXNativeTarget section */
		543FCFE025E43F3F00EFB981 /* DeepLook_Demo */ = {
			isa = PBXNativeTarget;
			buildConfigurationList = 543FCFF525E43F4200EFB981 /* Build configuration list for PBXNativeTarget "DeepLook_Demo" */;
			buildPhases = (
				543FCFDD25E43F3F00EFB981 /* Sources */,
				543FCFDE25E43F3F00EFB981 /* Frameworks */,
				543FCFDF25E43F3F00EFB981 /* Resources */,
			);
			buildRules = (
			);
			dependencies = (
			);
			name = DeepLook_Demo;
			packageProductDependencies = (
				5450130826276C650052C638 /* DeepLook */,
			);
			productName = LookKit_Demo;
			productReference = 543FCFE125E43F3F00EFB981 /* DeepLook_Demo.app */;
			productType = "com.apple.product-type.application";
		};
/* End PBXNativeTarget section */

/* Begin PBXProject section */
		543FCFD925E43F3F00EFB981 /* Project object */ = {
			isa = PBXProject;
			attributes = {
				LastSwiftUpdateCheck = 1240;
				LastUpgradeCheck = 1240;
				TargetAttributes = {
					543FCFE025E43F3F00EFB981 = {
						CreatedOnToolsVersion = 12.4;
					};
				};
			};
			buildConfigurationList = 543FCFDC25E43F3F00EFB981 /* Build configuration list for PBXProject "DeepLook_Demo" */;
			compatibilityVersion = "Xcode 9.3";
			developmentRegion = en;
			hasScannedForEncodings = 0;
			knownRegions = (
				en,
				Base,
			);
			mainGroup = 543FCFD825E43F3F00EFB981;
			packageReferences = (
				5450130326276C110052C638 /* XCRemoteSwiftPackageReference "DeepLook" */,
			);
			productRefGroup = 543FCFE225E43F3F00EFB981 /* Products */;
			projectDirPath = "";
			projectRoot = "";
			targets = (
				543FCFE025E43F3F00EFB981 /* DeepLook_Demo */,
			);
		};
/* End PBXProject section */

/* Begin PBXResourcesBuildPhase section */
		543FCFDF25E43F3F00EFB981 /* Resources */ = {
			isa = PBXResourcesBuildPhase;
			buildActionMask = 2147483647;
			files = (
				545E923625E51B1F00D86990 /* HeaderCollectionReusableView.xib in Resources */,
				543FCFF125E43F4200EFB981 /* LaunchScreen.storyboard in Resources */,
				543FCFEE25E43F4200EFB981 /* Assets.xcassets in Resources */,
				543FCFEC25E43F3F00EFB981 /* Main.storyboard in Resources */,
				545E923725E51B1F00D86990 /* FaceCollectionViewCell.xib in Resources */,
			);
			runOnlyForDeploymentPostprocessing = 0;
		};
/* End PBXResourcesBuildPhase section */

/* Begin PBXSourcesBuildPhase section */
		543FCFDD25E43F3F00EFB981 /* Sources */ = {
			isa = PBXSourcesBuildPhase;
			buildActionMask = 2147483647;
			files = (
				545E922E25E51B0E00D86990 /* FaceGroupingViewController.swift in Sources */,
				545E923925E51B1F00D86990 /* FaceCollectionViewCell.swift in Sources */,
				545E922F25E51B0E00D86990 /* LookKitService.swift in Sources */,
				544FC60B261CA4E900241BA2 /* Face_emotion.swift in Sources */,
				543FCFE525E43F3F00EFB981 /* AppDelegate.swift in Sources */,
				548899A225E94F3100E480BF /* UIView + Extention.swift in Sources */,
				544FC5FE261C786300241BA2 /* Faces_landmarks.swift in Sources */,
				545E925125E6E96200D86990 /* ObjectDetectionViewController.swift in Sources */,
				545E925425E6F2D700D86990 /* FaceRecognitionViewController.swift in Sources */,
				545E923825E51B1F00D86990 /* HeaderCollectionReusableView.swift in Sources */,
				543FCFE725E43F3F00EFB981 /* SceneDelegate.swift in Sources */,
				54C7980D25F00C6800EFABB7 /* FaceGroupingDetailViewController.swift in Sources */,
				544FC5FB261C77CB00241BA2 /* Crop_faces.swift in Sources */,
				544FC5F6261C75B200241BA2 /* Face_location.swift in Sources */,
				54C798C725F27C1500EFABB7 /* FaceGroupingFaceImageViewController.swift in Sources */,
			);
			runOnlyForDeploymentPostprocessing = 0;
		};
/* End PBXSourcesBuildPhase section */

/* Begin PBXVariantGroup section */
		543FCFEA25E43F3F00EFB981 /* Main.storyboard */ = {
			isa = PBXVariantGroup;
			children = (
				543FCFEB25E43F3F00EFB981 /* Base */,
			);
			name = Main.storyboard;
			sourceTree = "<group>";
		};
		543FCFEF25E43F4200EFB981 /* LaunchScreen.storyboard */ = {
			isa = PBXVariantGroup;
			children = (
				543FCFF025E43F4200EFB981 /* Base */,
			);
			name = LaunchScreen.storyboard;
			sourceTree = "<group>";
		};
/* End PBXVariantGroup section */

/* Begin XCBuildConfiguration section */
		543FCFF325E43F4200EFB981 /* Debug */ = {
			isa = XCBuildConfiguration;
			buildSettings = {
				ALWAYS_SEARCH_USER_PATHS = NO;
				CLANG_ANALYZER_NONNULL = YES;
				CLANG_ANALYZER_NUMBER_OBJECT_CONVERSION = YES_AGGRESSIVE;
				CLANG_CXX_LANGUAGE_STANDARD = "gnu++14";
				CLANG_CXX_LIBRARY = "libc++";
				CLANG_ENABLE_MODULES = YES;
				CLANG_ENABLE_OBJC_ARC = YES;
				CLANG_ENABLE_OBJC_WEAK = YES;
				CLANG_WARN_BLOCK_CAPTURE_AUTORELEASING = YES;
				CLANG_WARN_BOOL_CONVERSION = YES;
				CLANG_WARN_COMMA = YES;
				CLANG_WARN_CONSTANT_CONVERSION = YES;
				CLANG_WARN_DEPRECATED_OBJC_IMPLEMENTATIONS = YES;
				CLANG_WARN_DIRECT_OBJC_ISA_USAGE = YES_ERROR;
				CLANG_WARN_DOCUMENTATION_COMMENTS = YES;
				CLANG_WARN_EMPTY_BODY = YES;
				CLANG_WARN_ENUM_CONVERSION = YES;
				CLANG_WARN_INFINITE_RECURSION = YES;
				CLANG_WARN_INT_CONVERSION = YES;
				CLANG_WARN_NON_LITERAL_NULL_CONVERSION = YES;
				CLANG_WARN_OBJC_IMPLICIT_RETAIN_SELF = YES;
				CLANG_WARN_OBJC_LITERAL_CONVERSION = YES;
				CLANG_WARN_OBJC_ROOT_CLASS = YES_ERROR;
				CLANG_WARN_QUOTED_INCLUDE_IN_FRAMEWORK_HEADER = YES;
				CLANG_WARN_RANGE_LOOP_ANALYSIS = YES;
				CLANG_WARN_STRICT_PROTOTYPES = YES;
				CLANG_WARN_SUSPICIOUS_MOVE = YES;
				CLANG_WARN_UNGUARDED_AVAILABILITY = YES_AGGRESSIVE;
				CLANG_WARN_UNREACHABLE_CODE = YES;
				CLANG_WARN__DUPLICATE_METHOD_MATCH = YES;
				COPY_PHASE_STRIP = NO;
				DEBUG_INFORMATION_FORMAT = dwarf;
				ENABLE_STRICT_OBJC_MSGSEND = YES;
				ENABLE_TESTABILITY = YES;
				GCC_C_LANGUAGE_STANDARD = gnu11;
				GCC_DYNAMIC_NO_PIC = NO;
				GCC_NO_COMMON_BLOCKS = YES;
				GCC_OPTIMIZATION_LEVEL = 0;
				GCC_PREPROCESSOR_DEFINITIONS = (
					"DEBUG=1",
					"$(inherited)",
				);
				GCC_WARN_64_TO_32_BIT_CONVERSION = YES;
				GCC_WARN_ABOUT_RETURN_TYPE = YES_ERROR;
				GCC_WARN_UNDECLARED_SELECTOR = YES;
				GCC_WARN_UNINITIALIZED_AUTOS = YES_AGGRESSIVE;
				GCC_WARN_UNUSED_FUNCTION = YES;
				GCC_WARN_UNUSED_VARIABLE = YES;
				IPHONEOS_DEPLOYMENT_TARGET = 13.0;
				MTL_ENABLE_DEBUG_INFO = INCLUDE_SOURCE;
				MTL_FAST_MATH = YES;
				ONLY_ACTIVE_ARCH = YES;
				SDKROOT = iphoneos;
				SWIFT_ACTIVE_COMPILATION_CONDITIONS = DEBUG;
				SWIFT_OPTIMIZATION_LEVEL = "-Onone";
			};
			name = Debug;
		};
		543FCFF425E43F4200EFB981 /* Release */ = {
			isa = XCBuildConfiguration;
			buildSettings = {
				ALWAYS_SEARCH_USER_PATHS = NO;
				CLANG_ANALYZER_NONNULL = YES;
				CLANG_ANALYZER_NUMBER_OBJECT_CONVERSION = YES_AGGRESSIVE;
				CLANG_CXX_LANGUAGE_STANDARD = "gnu++14";
				CLANG_CXX_LIBRARY = "libc++";
				CLANG_ENABLE_MODULES = YES;
				CLANG_ENABLE_OBJC_ARC = YES;
				CLANG_ENABLE_OBJC_WEAK = YES;
				CLANG_WARN_BLOCK_CAPTURE_AUTORELEASING = YES;
				CLANG_WARN_BOOL_CONVERSION = YES;
				CLANG_WARN_COMMA = YES;
				CLANG_WARN_CONSTANT_CONVERSION = YES;
				CLANG_WARN_DEPRECATED_OBJC_IMPLEMENTATIONS = YES;
				CLANG_WARN_DIRECT_OBJC_ISA_USAGE = YES_ERROR;
				CLANG_WARN_DOCUMENTATION_COMMENTS = YES;
				CLANG_WARN_EMPTY_BODY = YES;
				CLANG_WARN_ENUM_CONVERSION = YES;
				CLANG_WARN_INFINITE_RECURSION = YES;
				CLANG_WARN_INT_CONVERSION = YES;
				CLANG_WARN_NON_LITERAL_NULL_CONVERSION = YES;
				CLANG_WARN_OBJC_IMPLICIT_RETAIN_SELF = YES;
				CLANG_WARN_OBJC_LITERAL_CONVERSION = YES;
				CLANG_WARN_OBJC_ROOT_CLASS = YES_ERROR;
				CLANG_WARN_QUOTED_INCLUDE_IN_FRAMEWORK_HEADER = YES;
				CLANG_WARN_RANGE_LOOP_ANALYSIS = YES;
				CLANG_WARN_STRICT_PROTOTYPES = YES;
				CLANG_WARN_SUSPICIOUS_MOVE = YES;
				CLANG_WARN_UNGUARDED_AVAILABILITY = YES_AGGRESSIVE;
				CLANG_WARN_UNREACHABLE_CODE = YES;
				CLANG_WARN__DUPLICATE_METHOD_MATCH = YES;
				COPY_PHASE_STRIP = NO;
				DEBUG_INFORMATION_FORMAT = "dwarf-with-dsym";
				ENABLE_NS_ASSERTIONS = NO;
				ENABLE_STRICT_OBJC_MSGSEND = YES;
				GCC_C_LANGUAGE_STANDARD = gnu11;
				GCC_NO_COMMON_BLOCKS = YES;
				GCC_WARN_64_TO_32_BIT_CONVERSION = YES;
				GCC_WARN_ABOUT_RETURN_TYPE = YES_ERROR;
				GCC_WARN_UNDECLARED_SELECTOR = YES;
				GCC_WARN_UNINITIALIZED_AUTOS = YES_AGGRESSIVE;
				GCC_WARN_UNUSED_FUNCTION = YES;
				GCC_WARN_UNUSED_VARIABLE = YES;
				IPHONEOS_DEPLOYMENT_TARGET = 13.0;
				MTL_ENABLE_DEBUG_INFO = NO;
				MTL_FAST_MATH = YES;
				SDKROOT = iphoneos;
				SWIFT_COMPILATION_MODE = wholemodule;
				SWIFT_OPTIMIZATION_LEVEL = "-O";
				VALIDATE_PRODUCT = YES;
			};
			name = Release;
		};
		543FCFF625E43F4200EFB981 /* Debug */ = {
			isa = XCBuildConfiguration;
			buildSettings = {
				ASSETCATALOG_COMPILER_APPICON_NAME = AppIcon;
				ASSETCATALOG_COMPILER_GLOBAL_ACCENT_COLOR_NAME = AccentColor;
				CODE_SIGN_ENTITLEMENTS = DeepLook_Demo/DeepLook_Demo.entitlements;
				CODE_SIGN_STYLE = Automatic;
				DEVELOPMENT_TEAM = 75F94K2BEH;
				INFOPLIST_FILE = DeepLook_Demo/Info.plist;
				IPHONEOS_DEPLOYMENT_TARGET = 13.0;
				LD_RUNPATH_SEARCH_PATHS = (
					"$(inherited)",
					"@executable_path/Frameworks",
				);
				PRODUCT_BUNDLE_IDENTIFIER = "com.la-labs.LookKit-Demo";
				PRODUCT_NAME = "$(TARGET_NAME)";
				SUPPORTS_MACCATALYST = YES;
				SWIFT_VERSION = 5.0;
				TARGETED_DEVICE_FAMILY = "1,2";
			};
			name = Debug;
		};
		543FCFF725E43F4200EFB981 /* Release */ = {
			isa = XCBuildConfiguration;
			buildSettings = {
				ASSETCATALOG_COMPILER_APPICON_NAME = AppIcon;
				ASSETCATALOG_COMPILER_GLOBAL_ACCENT_COLOR_NAME = AccentColor;
				CODE_SIGN_ENTITLEMENTS = DeepLook_Demo/DeepLook_Demo.entitlements;
				CODE_SIGN_STYLE = Automatic;
				DEVELOPMENT_TEAM = 75F94K2BEH;
				INFOPLIST_FILE = DeepLook_Demo/Info.plist;
				IPHONEOS_DEPLOYMENT_TARGET = 13.0;
				LD_RUNPATH_SEARCH_PATHS = (
					"$(inherited)",
					"@executable_path/Frameworks",
				);
				PRODUCT_BUNDLE_IDENTIFIER = "com.la-labs.LookKit-Demo";
				PRODUCT_NAME = "$(TARGET_NAME)";
				SUPPORTS_MACCATALYST = YES;
				SWIFT_VERSION = 5.0;
				TARGETED_DEVICE_FAMILY = "1,2";
			};
			name = Release;
		};
/* End XCBuildConfiguration section */

/* Begin XCConfigurationList section */
		543FCFDC25E43F3F00EFB981 /* Build configuration list for PBXProject "DeepLook_Demo" */ = {
			isa = XCConfigurationList;
			buildConfigurations = (
				543FCFF325E43F4200EFB981 /* Debug */,
				543FCFF425E43F4200EFB981 /* Release */,
			);
			defaultConfigurationIsVisible = 0;
			defaultConfigurationName = Release;
		};
		543FCFF525E43F4200EFB981 /* Build configuration list for PBXNativeTarget "DeepLook_Demo" */ = {
			isa = XCConfigurationList;
			buildConfigurations = (
				543FCFF625E43F4200EFB981 /* Debug */,
				543FCFF725E43F4200EFB981 /* Release */,
			);
			defaultConfigurationIsVisible = 0;
			defaultConfigurationName = Release;
		};
/* End XCConfigurationList section */

/* Begin XCRemoteSwiftPackageReference section */
		5450130326276C110052C638 /* XCRemoteSwiftPackageReference "DeepLook" */ = {
			isa = XCRemoteSwiftPackageReference;
			repositoryURL = "https://github.com/LA-Labs/DeepLook.git";
			requirement = {
				kind = upToNextMajorVersion;
				minimumVersion = 0.0.0;
			};
		};
/* End XCRemoteSwiftPackageReference section */

/* Begin XCSwiftPackageProductDependency section */
		5450130826276C650052C638 /* DeepLook */ = {
			isa = XCSwiftPackageProductDependency;
			package = 5450130326276C110052C638 /* XCRemoteSwiftPackageReference "DeepLook" */;
			productName = DeepLook;
		};
/* End XCSwiftPackageProductDependency section */
	};
	rootObject = 543FCFD925E43F3F00EFB981 /* Project object */;
}
