{
  "object": {
    "pins": [
      {
        "package": "LookKit_Package",
        "repositoryURL": "https://github.com/LA-Labs/LookKit_Package.git",
        "state": {
          "branch": "main",
          "revision": "f7dbc639fcb0150f5ba647a58030ca62123e4ace",
          "version": null
        }
      }
    ]
  },
  "version": 1
}
