{
  "object": {
    "pins": [
      {
        "package": "LookKit",
        "repositoryURL": "https://github.com/LA-Labs/LookKit.git",
        "state": {
          "branch": null,
          "revision": "92ecf1e93e5be01b9abaf8c0feef5df7cc12db4b",
          "version": "0.3.1"
        }
      }
    ]
  },
  "version": 1
}
