{
  "object": {
    "pins": [
      {
        "package": "LookKit_Package",
        "repositoryURL": "https://github.com/LA-Labs/LookKit_Package.git",
        "state": {
          "branch": "main",
          "revision": "f57c983a76f5c737dca94089eb1d3dbf45c5afe7",
          "version": null
        }
      }
    ]
  },
  "version": 1
}
