{
  "pins" : [
    {
      "identity" : "deeplook",
      "kind" : "remoteSourceControl",
      "location" : "https://github.com/LA-Labs/DeepLook.git",
      "state" : {
        "branch" : "main",
        "revision" : "59b42a39c061ec71bb6c05aa0cb1695ed369267c"
      }
    },
    {
      "identity" : "ladsa",
      "kind" : "remoteSourceControl",
      "location" : "https://github.com/LA-Labs/LADSA.git",
      "state" : {
        "revision" : "37b532de3571f15d28a77ecf9f59019d190dfd9c",
        "version" : "0.0.4"
      }
    }
  ],
  "version" : 2
}
