{
  "pins" : [
    {
      "identity" : "deeplook",
      "kind" : "remoteSourceControl",
      "location" : "https://github.com/LA-Labs/DeepLook.git",
      "state" : {
        "branch" : "featue/detector",
        "revision" : "fa040ed55e0cf89757cd783a9bcaf201db58391a"
      }
    },
    {
      "identity" : "ladsa",
      "kind" : "remoteSourceControl",
      "location" : "https://github.com/LA-Labs/LADSA.git",
      "state" : {
        "revision" : "37b532de3571f15d28a77ecf9f59019d190dfd9c",
        "version" : "0.0.4"
      }
    }
  ],
  "version" : 2
}
